// !$*UTF8*$!
{
	archiveVersion = 1;
	classes = {
	};
	objectVersion = 77;
	objects = {

/* Begin PBXBuildFile section */
		09AD4A8DEC7FC15A3EA591A8 /* LibraryPackage.swift in Sources */ = {isa = PBXBuildFile; fileRef = 64ECFF0F0852784DC77C7355 /* LibraryPackage.swift */; };
		104C5340BF2A5F8C74D504DE /* MarkdownSourceEditor.swift in Sources */ = {isa = PBXBuildFile; fileRef = 553521FB976462803F3F913D /* MarkdownSourceEditor.swift */; };
		104E52B33F74F6F4E93A17F8 /* FileNamingTests.swift in Sources */ = {isa = PBXBuildFile; fileRef = AA1E5892FA6A92E926E1C15D /* FileNamingTests.swift */; };
		168D0222FDB8B36C01E535D0 /* RenameDocumentSheet.swift in Sources */ = {isa = PBXBuildFile; fileRef = 070DE22F03FD03F28DF5714F /* RenameDocumentSheet.swift */; };
		21E48A8328666B263D8E241A /* FavoriteSync.swift in Sources */ = {isa = PBXBuildFile; fileRef = 6B881EEE35A6BC4C57848BBB /* FavoriteSync.swift */; };
		22D8551E852D8EA94E1D6DB5 /* FavoriteSyncTests.swift in Sources */ = {isa = PBXBuildFile; fileRef = 61F85A3B45DA98A573005184 /* FavoriteSyncTests.swift */; };
		2618DE0607AC7ED7AEDE3752 /* LibraryContent.swift in Sources */ = {isa = PBXBuildFile; fileRef = 74D1B873688EA04520D64705 /* LibraryContent.swift */; };
		298508A675480AD2BB6D782D /* LibrarySyncEngine.swift in Sources */ = {isa = PBXBuildFile; fileRef = 51E208FA13CD7EA197938576 /* LibrarySyncEngine.swift */; };
		3141D20870507C801C82517C /* samples in Resources */ = {isa = PBXBuildFile; fileRef = 155236011299D070DFBBFA64 /* samples */; };
		38DE3A5A6072A64C68D2966F /* MacLibraryList.swift in Sources */ = {isa = PBXBuildFile; fileRef = 78168AA6C9D06827CBF8A59F /* MacLibraryList.swift */; };
		3A0744FF654E8FD839985C2B /* DocumentFileName.swift in Sources */ = {isa = PBXBuildFile; fileRef = 788CFF66524AE247D43C2805 /* DocumentFileName.swift */; };
		41CBE4891F0CCA562186CC27 /* ReadingStateWriter.swift in Sources */ = {isa = PBXBuildFile; fileRef = 6E889C8184160443DC21185E /* ReadingStateWriter.swift */; };
		450AA8776B86804CCB080CC6 /* DocumentDrag.swift in Sources */ = {isa = PBXBuildFile; fileRef = C1C77800FCC4FA2047115ED6 /* DocumentDrag.swift */; };
		461FFE008EBC24C3D10DC225 /* ReaderController.swift in Sources */ = {isa = PBXBuildFile; fileRef = 7060D1A08A322AF62C3CC56D /* ReaderController.swift */; };
		46C3C12CBAC46DF891818D0E /* Reader in Resources */ = {isa = PBXBuildFile; fileRef = 9F561E7015BA42572C25018E /* Reader */; };
		4952EAE2D241E10286B7ACCC /* LibraryOrganization.swift in Sources */ = {isa = PBXBuildFile; fileRef = AE07220019FA00542F84626D /* LibraryOrganization.swift */; };
		4AC264D75101EEBFD8661E1D /* ArticleEditor.swift in Sources */ = {isa = PBXBuildFile; fileRef = 117D1BE61DE5FE2ED182071A /* ArticleEditor.swift */; };
		4B2274B19DAC74879FDC0719 /* ReadingStatePersistenceTests.swift in Sources */ = {isa = PBXBuildFile; fileRef = 6B0388DAD49F0F55F65B12F5 /* ReadingStatePersistenceTests.swift */; };
		5046DE388BB8C9E9480D40C6 /* LibraryDeletionTests.swift in Sources */ = {isa = PBXBuildFile; fileRef = B2D71A1ADAD35DF27E31BA8D /* LibraryDeletionTests.swift */; };
		58F16E70D80940014D9925C6 /* LibraryLoadingTests.swift in Sources */ = {isa = PBXBuildFile; fileRef = 3A3C465E65BAC40A92C7D989 /* LibraryLoadingTests.swift */; };
		671F2788B6129565720E18E5 /* ReaderView.swift in Sources */ = {isa = PBXBuildFile; fileRef = 1C8E72DF71B25B1E8B1AC3FA /* ReaderView.swift */; };
		6B25C7BF37FA64FAEAE06588 /* MacLibraryDragTests.swift in Sources */ = {isa = PBXBuildFile; fileRef = 0EB5C045F35B92FE0FC9BA60 /* MacLibraryDragTests.swift */; };
		6E812631DC4CC3A44D33A118 /* LibrarySearchModel.swift in Sources */ = {isa = PBXBuildFile; fileRef = EE247434E0FE59CDA20954BE /* LibrarySearchModel.swift */; };
		6F33A8DAE2956E945110A1F0 /* LibraryFolderDeletion.swift in Sources */ = {isa = PBXBuildFile; fileRef = A076D2AD1063AF324AFCEC56 /* LibraryFolderDeletion.swift */; };
		71DD11F8E29F6F5896919D1D /* StudyReaderApp.swift in Sources */ = {isa = PBXBuildFile; fileRef = C1DA235A4A2512C5E3B6D6D0 /* StudyReaderApp.swift */; };
		773E1962A71301BC9A898E38 /* LibraryDisk.swift in Sources */ = {isa = PBXBuildFile; fileRef = 54898C4CB1F3A358A9B4530D /* LibraryDisk.swift */; };
		7D11DC86CA98DDCD658343D9 /* LibraryOrganizationTests.swift in Sources */ = {isa = PBXBuildFile; fileRef = 2B4F9ED818BC7F09663998FE /* LibraryOrganizationTests.swift */; };
		A5307CDA5ADD3A4078A12807 /* Assets.xcassets in Resources */ = {isa = PBXBuildFile; fileRef = 90E7C6087351637F8E91197B /* Assets.xcassets */; };
		A8CD3259DDF5F53CA40663CC /* LibrarySearchTests.swift in Sources */ = {isa = PBXBuildFile; fileRef = 787D27BA0942E63E37B4FB37 /* LibrarySearchTests.swift */; };
		ADE894FF4C028FC1DFB05B76 /* RenameFolderSheet.swift in Sources */ = {isa = PBXBuildFile; fileRef = 95041567CD62448FDE0F4FA2 /* RenameFolderSheet.swift */; };
		AE4B7CE5EC0EC17D0F3EA5D3 /* LibrarySyncTests.swift in Sources */ = {isa = PBXBuildFile; fileRef = 2D8E2AA5D5CF1C1B356779A7 /* LibrarySyncTests.swift */; };
		B90D7A770AC6ED082F874A5A /* LibraryPackageTests.swift in Sources */ = {isa = PBXBuildFile; fileRef = BB804BFB6C31F2CEE88D9617 /* LibraryPackageTests.swift */; };
		BF74B6D252EB64DAD6B5BFDF /* SyncInstaller.swift in Sources */ = {isa = PBXBuildFile; fileRef = 0A45F7082A6D9691F0452A71 /* SyncInstaller.swift */; };
		C77DBB639388029D8E3C7DA0 /* SyncModel.swift in Sources */ = {isa = PBXBuildFile; fileRef = 51824BD5F6C6E32722C4C2A7 /* SyncModel.swift */; };
		CBB3379B2DF0FC62E16B27BB /* LibraryDiskTests.swift in Sources */ = {isa = PBXBuildFile; fileRef = BCA5E885CE305947AA6FC6FA /* LibraryDiskTests.swift */; };
		CDE1D97C9EA04891A4C1DEA4 /* SyncFolderAccess.swift in Sources */ = {isa = PBXBuildFile; fileRef = BC6F2C88E7367CBD0DCBD305 /* SyncFolderAccess.swift */; };
		CFB476E4BC327DF5D17F6D54 /* ReadingProgressTests.swift in Sources */ = {isa = PBXBuildFile; fileRef = 2F9DF104A9CDA14D59F2B275 /* ReadingProgressTests.swift */; };
		D0BC25459E644278CC00A5CA /* LibraryEditingTests.swift in Sources */ = {isa = PBXBuildFile; fileRef = DAA98517BF9F1C65391994AB /* LibraryEditingTests.swift */; };
		D2466684FB068E39AB8DB03A /* LibraryView.swift in Sources */ = {isa = PBXBuildFile; fileRef = C29BBAD8EB9662C54AD6C348 /* LibraryView.swift */; };
		D4A2109741C78494F9BB791F /* ReadingProgressSyncTests.swift in Sources */ = {isa = PBXBuildFile; fileRef = 798CF9500BA0E17D51F7706D /* ReadingProgressSyncTests.swift */; };
		E35D3F5A9528E7943F590E6C /* ReadingProgressSync.swift in Sources */ = {isa = PBXBuildFile; fileRef = 568AFDC1448DD12524493A33 /* ReadingProgressSync.swift */; };
		E64C4C3A1FFB29411DB676C3 /* LibraryFolderDeletionTests.swift in Sources */ = {isa = PBXBuildFile; fileRef = DA39BAE7A625FC5D01705B09 /* LibraryFolderDeletionTests.swift */; };
		E6560487F9B174AD93094DBD /* SyncSettingsView.swift in Sources */ = {isa = PBXBuildFile; fileRef = 92C9009FD3B073758397B2AE /* SyncSettingsView.swift */; };
		E6C26F1ED1E26DE7CCF5B6F9 /* LibraryNavigation.swift in Sources */ = {isa = PBXBuildFile; fileRef = F5E729EA98867A4CF200CABA /* LibraryNavigation.swift */; };
		E84AF899151E4628CDBFC35E /* LibraryStore.swift in Sources */ = {isa = PBXBuildFile; fileRef = 32F113AACDE5BDCD5ABC2B26 /* LibraryStore.swift */; };
		EE5EFFABF45AB06864F0941C /* FolderDrag.swift in Sources */ = {isa = PBXBuildFile; fileRef = ED4D6B619D0D9697F919FE6D /* FolderDrag.swift */; };
		FD0E838CDC1A707EBC7546E6 /* LibraryEditing.swift in Sources */ = {isa = PBXBuildFile; fileRef = B6DE84D8A63033F49023FD8F /* LibraryEditing.swift */; };
		FFF027E707F78E439CD0006D /* LibraryNavigationTests.swift in Sources */ = {isa = PBXBuildFile; fileRef = A8370169E395A2B8F8DD186F /* LibraryNavigationTests.swift */; };
/* End PBXBuildFile section */

/* Begin PBXContainerItemProxy section */
		980A6D2F99D918D6F83867D8 /* PBXContainerItemProxy */ = {
			isa = PBXContainerItemProxy;
			containerPortal = 30EC91118A8E7AE0CA0AFF85 /* Project object */;
			proxyType = 1;
			remoteGlobalIDString = 2C5BEDD8E77E1F824194C45A;
			remoteInfo = StudyReader;
		};
/* End PBXContainerItemProxy section */

/* Begin PBXFileReference section */
		070DE22F03FD03F28DF5714F /* RenameDocumentSheet.swift */ = {isa = PBXFileReference; lastKnownFileType = sourcecode.swift; path = RenameDocumentSheet.swift; sourceTree = "<group>"; };
		0A45F7082A6D9691F0452A71 /* SyncInstaller.swift */ = {isa = PBXFileReference; lastKnownFileType = sourcecode.swift; path = SyncInstaller.swift; sourceTree = "<group>"; };
		0CF5414832FEBA581C58270D /* markdown.mjs */ = {isa = PBXFileReference; path = markdown.mjs; sourceTree = "<group>"; };
		0EB5C045F35B92FE0FC9BA60 /* MacLibraryDragTests.swift */ = {isa = PBXFileReference; lastKnownFileType = sourcecode.swift; path = MacLibraryDragTests.swift; sourceTree = "<group>"; };
		117D1BE61DE5FE2ED182071A /* ArticleEditor.swift */ = {isa = PBXFileReference; lastKnownFileType = sourcecode.swift; path = ArticleEditor.swift; sourceTree = "<group>"; };
		14A6DEBBD3ACA1FEF76A0C34 /* index.html */ = {isa = PBXFileReference; lastKnownFileType = text.html; path = index.html; sourceTree = "<group>"; };
		155236011299D070DFBBFA64 /* samples */ = {isa = PBXFileReference; lastKnownFileType = folder; path = samples; sourceTree = SOURCE_ROOT; };
		1AA65B20A85D41400F506312 /* StudyReader.app */ = {isa = PBXFileReference; includeInIndex = 0; lastKnownFileType = wrapper.application; path = StudyReader.app; sourceTree = BUILT_PRODUCTS_DIR; };
		1C8E72DF71B25B1E8B1AC3FA /* ReaderView.swift */ = {isa = PBXFileReference; lastKnownFileType = sourcecode.swift; path = ReaderView.swift; sourceTree = "<group>"; };
		26460F28A8E2872CEB4BF43A /* SYNC.md */ = {isa = PBXFileReference; lastKnownFileType = net.daringfireball.markdown; path = SYNC.md; sourceTree = "<group>"; };
		2B4F9ED818BC7F09663998FE /* LibraryOrganizationTests.swift */ = {isa = PBXFileReference; lastKnownFileType = sourcecode.swift; path = LibraryOrganizationTests.swift; sourceTree = "<group>"; };
		2D5A51F434371C122EB9BA53 /* StudyReaderTests.xctest */ = {isa = PBXFileReference; includeInIndex = 0; lastKnownFileType = wrapper.cfbundle; path = StudyReaderTests.xctest; sourceTree = BUILT_PRODUCTS_DIR; };
		2D8E2AA5D5CF1C1B356779A7 /* LibrarySyncTests.swift */ = {isa = PBXFileReference; lastKnownFileType = sourcecode.swift; path = LibrarySyncTests.swift; sourceTree = "<group>"; };
		2F9DF104A9CDA14D59F2B275 /* ReadingProgressTests.swift */ = {isa = PBXFileReference; lastKnownFileType = sourcecode.swift; path = ReadingProgressTests.swift; sourceTree = "<group>"; };
		32F113AACDE5BDCD5ABC2B26 /* LibraryStore.swift */ = {isa = PBXFileReference; lastKnownFileType = sourcecode.swift; path = LibraryStore.swift; sourceTree = "<group>"; };
		3A3C465E65BAC40A92C7D989 /* LibraryLoadingTests.swift */ = {isa = PBXFileReference; lastKnownFileType = sourcecode.swift; path = LibraryLoadingTests.swift; sourceTree = "<group>"; };
		51824BD5F6C6E32722C4C2A7 /* SyncModel.swift */ = {isa = PBXFileReference; lastKnownFileType = sourcecode.swift; path = SyncModel.swift; sourceTree = "<group>"; };
		51E208FA13CD7EA197938576 /* LibrarySyncEngine.swift */ = {isa = PBXFileReference; lastKnownFileType = sourcecode.swift; path = LibrarySyncEngine.swift; sourceTree = "<group>"; };
		52A6F5F0C54F1E0A31553F7C /* build-reader.mjs */ = {isa = PBXFileReference; path = "build-reader.mjs"; sourceTree = "<group>"; };
		54898C4CB1F3A358A9B4530D /* LibraryDisk.swift */ = {isa = PBXFileReference; lastKnownFileType = sourcecode.swift; path = LibraryDisk.swift; sourceTree = "<group>"; };
		553521FB976462803F3F913D /* MarkdownSourceEditor.swift */ = {isa = PBXFileReference; lastKnownFileType = sourcecode.swift; path = MarkdownSourceEditor.swift; sourceTree = "<group>"; };
		568AFDC1448DD12524493A33 /* ReadingProgressSync.swift */ = {isa = PBXFileReference; lastKnownFileType = sourcecode.swift; path = ReadingProgressSync.swift; sourceTree = "<group>"; };
		5814D27F5EB33859BB315340 /* README.md */ = {isa = PBXFileReference; lastKnownFileType = net.daringfireball.markdown; path = README.md; sourceTree = "<group>"; };
		61B06810CE13240DDDC894D8 /* benchmark-scroll.html */ = {isa = PBXFileReference; lastKnownFileType = text.html; path = "benchmark-scroll.html"; sourceTree = "<group>"; };
		61F85A3B45DA98A573005184 /* FavoriteSyncTests.swift */ = {isa = PBXFileReference; lastKnownFileType = sourcecode.swift; path = FavoriteSyncTests.swift; sourceTree = "<group>"; };
		64ECFF0F0852784DC77C7355 /* LibraryPackage.swift */ = {isa = PBXFileReference; lastKnownFileType = sourcecode.swift; path = LibraryPackage.swift; sourceTree = "<group>"; };
		670F5999619D373447D4CB81 /* package.json */ = {isa = PBXFileReference; lastKnownFileType = text.json; path = package.json; sourceTree = "<group>"; };
		6B0388DAD49F0F55F65B12F5 /* ReadingStatePersistenceTests.swift */ = {isa = PBXFileReference; lastKnownFileType = sourcecode.swift; path = ReadingStatePersistenceTests.swift; sourceTree = "<group>"; };
		6B881EEE35A6BC4C57848BBB /* FavoriteSync.swift */ = {isa = PBXFileReference; lastKnownFileType = sourcecode.swift; path = FavoriteSync.swift; sourceTree = "<group>"; };
		6E889C8184160443DC21185E /* ReadingStateWriter.swift */ = {isa = PBXFileReference; lastKnownFileType = sourcecode.swift; path = ReadingStateWriter.swift; sourceTree = "<group>"; };
		7060D1A08A322AF62C3CC56D /* ReaderController.swift */ = {isa = PBXFileReference; lastKnownFileType = sourcecode.swift; path = ReaderController.swift; sourceTree = "<group>"; };
		7428FC2BFFE8C73658A3BF61 /* benchmark-library.swift */ = {isa = PBXFileReference; lastKnownFileType = sourcecode.swift; path = "benchmark-library.swift"; sourceTree = "<group>"; };
		74D1B873688EA04520D64705 /* LibraryContent.swift */ = {isa = PBXFileReference; lastKnownFileType = sourcecode.swift; path = LibraryContent.swift; sourceTree = "<group>"; };
		78168AA6C9D06827CBF8A59F /* MacLibraryList.swift */ = {isa = PBXFileReference; lastKnownFileType = sourcecode.swift; path = MacLibraryList.swift; sourceTree = "<group>"; };
		787D27BA0942E63E37B4FB37 /* LibrarySearchTests.swift */ = {isa = PBXFileReference; lastKnownFileType = sourcecode.swift; path = LibrarySearchTests.swift; sourceTree = "<group>"; };
		788CFF66524AE247D43C2805 /* DocumentFileName.swift */ = {isa = PBXFileReference; lastKnownFileType = sourcecode.swift; path = DocumentFileName.swift; sourceTree = "<group>"; };
		798CF9500BA0E17D51F7706D /* ReadingProgressSyncTests.swift */ = {isa = PBXFileReference; lastKnownFileType = sourcecode.swift; path = ReadingProgressSyncTests.swift; sourceTree = "<group>"; };
		843C45A0CED17ECA5A5D3314 /* reader.css */ = {isa = PBXFileReference; lastKnownFileType = text.css; path = reader.css; sourceTree = "<group>"; };
		90E7C6087351637F8E91197B /* Assets.xcassets */ = {isa = PBXFileReference; lastKnownFileType = folder.assetcatalog; path = Assets.xcassets; sourceTree = "<group>"; };
		92C9009FD3B073758397B2AE /* SyncSettingsView.swift */ = {isa = PBXFileReference; lastKnownFileType = sourcecode.swift; path = SyncSettingsView.swift; sourceTree = "<group>"; };
		95041567CD62448FDE0F4FA2 /* RenameFolderSheet.swift */ = {isa = PBXFileReference; lastKnownFileType = sourcecode.swift; path = RenameFolderSheet.swift; sourceTree = "<group>"; };
		9AFAF7B34C8EFFD079054F8C /* KaTeX-fonts.txt */ = {isa = PBXFileReference; lastKnownFileType = text; path = "KaTeX-fonts.txt"; sourceTree = "<group>"; };
		9F561E7015BA42572C25018E /* Reader */ = {isa = PBXFileReference; lastKnownFileType = folder; name = Reader; path = StudyReader/Resources/Reader; sourceTree = SOURCE_ROOT; };
		A076D2AD1063AF324AFCEC56 /* LibraryFolderDeletion.swift */ = {isa = PBXFileReference; lastKnownFileType = sourcecode.swift; path = LibraryFolderDeletion.swift; sourceTree = "<group>"; };
		A1A0046102294315AFFA1073 /* PLAN.md */ = {isa = PBXFileReference; lastKnownFileType = net.daringfireball.markdown; path = PLAN.md; sourceTree = "<group>"; };
		A68D6F286CB9385E98D90B2A /* reader.mjs */ = {isa = PBXFileReference; path = reader.mjs; sourceTree = "<group>"; };
		A8370169E395A2B8F8DD186F /* LibraryNavigationTests.swift */ = {isa = PBXFileReference; lastKnownFileType = sourcecode.swift; path = LibraryNavigationTests.swift; sourceTree = "<group>"; };
		AA1E5892FA6A92E926E1C15D /* FileNamingTests.swift */ = {isa = PBXFileReference; lastKnownFileType = sourcecode.swift; path = FileNamingTests.swift; sourceTree = "<group>"; };
		AE07220019FA00542F84626D /* LibraryOrganization.swift */ = {isa = PBXFileReference; lastKnownFileType = sourcecode.swift; path = LibraryOrganization.swift; sourceTree = "<group>"; };
		B1E1B3AF2A4233BAEF2988E8 /* typeset-cache.mjs */ = {isa = PBXFileReference; path = "typeset-cache.mjs"; sourceTree = "<group>"; };
		B2D71A1ADAD35DF27E31BA8D /* LibraryDeletionTests.swift */ = {isa = PBXFileReference; lastKnownFileType = sourcecode.swift; path = LibraryDeletionTests.swift; sourceTree = "<group>"; };
		B6DE84D8A63033F49023FD8F /* LibraryEditing.swift */ = {isa = PBXFileReference; lastKnownFileType = sourcecode.swift; path = LibraryEditing.swift; sourceTree = "<group>"; };
		BB804BFB6C31F2CEE88D9617 /* LibraryPackageTests.swift */ = {isa = PBXFileReference; lastKnownFileType = sourcecode.swift; path = LibraryPackageTests.swift; sourceTree = "<group>"; };
		BC6F2C88E7367CBD0DCBD305 /* SyncFolderAccess.swift */ = {isa = PBXFileReference; lastKnownFileType = sourcecode.swift; path = SyncFolderAccess.swift; sourceTree = "<group>"; };
		BCA5E885CE305947AA6FC6FA /* LibraryDiskTests.swift */ = {isa = PBXFileReference; lastKnownFileType = sourcecode.swift; path = LibraryDiskTests.swift; sourceTree = "<group>"; };
		C1C77800FCC4FA2047115ED6 /* DocumentDrag.swift */ = {isa = PBXFileReference; lastKnownFileType = sourcecode.swift; path = DocumentDrag.swift; sourceTree = "<group>"; };
		C1DA235A4A2512C5E3B6D6D0 /* StudyReaderApp.swift */ = {isa = PBXFileReference; lastKnownFileType = sourcecode.swift; path = StudyReaderApp.swift; sourceTree = "<group>"; };
		C29BBAD8EB9662C54AD6C348 /* LibraryView.swift */ = {isa = PBXFileReference; lastKnownFileType = sourcecode.swift; path = LibraryView.swift; sourceTree = "<group>"; };
		DA39BAE7A625FC5D01705B09 /* LibraryFolderDeletionTests.swift */ = {isa = PBXFileReference; lastKnownFileType = sourcecode.swift; path = LibraryFolderDeletionTests.swift; sourceTree = "<group>"; };
		DAA98517BF9F1C65391994AB /* LibraryEditingTests.swift */ = {isa = PBXFileReference; lastKnownFileType = sourcecode.swift; path = LibraryEditingTests.swift; sourceTree = "<group>"; };
		EB9889D313EE995F1CBCF07C /* benchmark-reader.mjs */ = {isa = PBXFileReference; path = "benchmark-reader.mjs"; sourceTree = "<group>"; };
		ED4D6B619D0D9697F919FE6D /* FolderDrag.swift */ = {isa = PBXFileReference; lastKnownFileType = sourcecode.swift; path = FolderDrag.swift; sourceTree = "<group>"; };
		EE247434E0FE59CDA20954BE /* LibrarySearchModel.swift */ = {isa = PBXFileReference; lastKnownFileType = sourcecode.swift; path = LibrarySearchModel.swift; sourceTree = "<group>"; };
		F0482EE19582C711694FBE7F /* Info.plist */ = {isa = PBXFileReference; lastKnownFileType = text.plist; path = Info.plist; sourceTree = "<group>"; };
		F5E729EA98867A4CF200CABA /* LibraryNavigation.swift */ = {isa = PBXFileReference; lastKnownFileType = sourcecode.swift; path = LibraryNavigation.swift; sourceTree = "<group>"; };
/* End PBXFileReference section */

/* Begin PBXGroup section */
		4C90759C0A9FE0037035F0AE /* App */ = {
			isa = PBXGroup;
			children = (
				C1C77800FCC4FA2047115ED6 /* DocumentDrag.swift */,
				ED4D6B619D0D9697F919FE6D /* FolderDrag.swift */,
				F5E729EA98867A4CF200CABA /* LibraryNavigation.swift */,
				C29BBAD8EB9662C54AD6C348 /* LibraryView.swift */,
				78168AA6C9D06827CBF8A59F /* MacLibraryList.swift */,
				070DE22F03FD03F28DF5714F /* RenameDocumentSheet.swift */,
				95041567CD62448FDE0F4FA2 /* RenameFolderSheet.swift */,
				C1DA235A4A2512C5E3B6D6D0 /* StudyReaderApp.swift */,
				92C9009FD3B073758397B2AE /* SyncSettingsView.swift */,
			);
			path = App;
			sourceTree = "<group>";
		};
		51983BC3F9D7A9055FABC49D /* Resources */ = {
			isa = PBXGroup;
			children = (
				9F561E7015BA42572C25018E /* Reader */,
			);
			path = Resources;
			sourceTree = "<group>";
		};
		68456B20AE9904A98C1FB42F /* licenses */ = {
			isa = PBXGroup;
			children = (
				9AFAF7B34C8EFFD079054F8C /* KaTeX-fonts.txt */,
			);
			path = licenses;
			sourceTree = "<group>";
		};
		6A6487E320468A1FAB5EDA9B /* Swift */ = {
			isa = PBXGroup;
			children = (
				61F85A3B45DA98A573005184 /* FavoriteSyncTests.swift */,
				AA1E5892FA6A92E926E1C15D /* FileNamingTests.swift */,
				B2D71A1ADAD35DF27E31BA8D /* LibraryDeletionTests.swift */,
				BCA5E885CE305947AA6FC6FA /* LibraryDiskTests.swift */,
				DAA98517BF9F1C65391994AB /* LibraryEditingTests.swift */,
				DA39BAE7A625FC5D01705B09 /* LibraryFolderDeletionTests.swift */,
				3A3C465E65BAC40A92C7D989 /* LibraryLoadingTests.swift */,
				A8370169E395A2B8F8DD186F /* LibraryNavigationTests.swift */,
				2B4F9ED818BC7F09663998FE /* LibraryOrganizationTests.swift */,
				BB804BFB6C31F2CEE88D9617 /* LibraryPackageTests.swift */,
				787D27BA0942E63E37B4FB37 /* LibrarySearchTests.swift */,
				2D8E2AA5D5CF1C1B356779A7 /* LibrarySyncTests.swift */,
				0EB5C045F35B92FE0FC9BA60 /* MacLibraryDragTests.swift */,
				798CF9500BA0E17D51F7706D /* ReadingProgressSyncTests.swift */,
				2F9DF104A9CDA14D59F2B275 /* ReadingProgressTests.swift */,
				6B0388DAD49F0F55F65B12F5 /* ReadingStatePersistenceTests.swift */,
			);
			path = Swift;
			sourceTree = "<group>";
		};
		92A1BB898C38B64957B1FC4C /* scripts */ = {
			isa = PBXGroup;
			children = (
				7428FC2BFFE8C73658A3BF61 /* benchmark-library.swift */,
				EB9889D313EE995F1CBCF07C /* benchmark-reader.mjs */,
				61B06810CE13240DDDC894D8 /* benchmark-scroll.html */,
				52A6F5F0C54F1E0A31553F7C /* build-reader.mjs */,
			);
			path = scripts;
			sourceTree = "<group>";
		};
		9DAA787112DB8273D19EFB77 /* Reader */ = {
			isa = PBXGroup;
			children = (
				117D1BE61DE5FE2ED182071A /* ArticleEditor.swift */,
				553521FB976462803F3F913D /* MarkdownSourceEditor.swift */,
				7060D1A08A322AF62C3CC56D /* ReaderController.swift */,
				1C8E72DF71B25B1E8B1AC3FA /* ReaderView.swift */,
			);
			path = Reader;
			sourceTree = "<group>";
		};
		9EE13389C25742E812BDC9A7 /* WebReader */ = {
			isa = PBXGroup;
			children = (
				14A6DEBBD3ACA1FEF76A0C34 /* index.html */,
				0CF5414832FEBA581C58270D /* markdown.mjs */,
				843C45A0CED17ECA5A5D3314 /* reader.css */,
				A68D6F286CB9385E98D90B2A /* reader.mjs */,
				B1E1B3AF2A4233BAEF2988E8 /* typeset-cache.mjs */,
				68456B20AE9904A98C1FB42F /* licenses */,
			);
			path = WebReader;
			sourceTree = "<group>";
		};
		A0729CFD3ADE876C1E93FB6B /* Sync */ = {
			isa = PBXGroup;
			children = (
				6B881EEE35A6BC4C57848BBB /* FavoriteSync.swift */,
				51E208FA13CD7EA197938576 /* LibrarySyncEngine.swift */,
				568AFDC1448DD12524493A33 /* ReadingProgressSync.swift */,
				BC6F2C88E7367CBD0DCBD305 /* SyncFolderAccess.swift */,
				0A45F7082A6D9691F0452A71 /* SyncInstaller.swift */,
				51824BD5F6C6E32722C4C2A7 /* SyncModel.swift */,
			);
			path = Sync;
			sourceTree = "<group>";
		};
		A92D3CA8B13395207A4904D3 /* StudyReader */ = {
			isa = PBXGroup;
			children = (
				90E7C6087351637F8E91197B /* Assets.xcassets */,
				F0482EE19582C711694FBE7F /* Info.plist */,
				4C90759C0A9FE0037035F0AE /* App */,
				AB9F32E2F9CB6D2A06B88E4A /* Library */,
				9DAA787112DB8273D19EFB77 /* Reader */,
				51983BC3F9D7A9055FABC49D /* Resources */,
				A0729CFD3ADE876C1E93FB6B /* Sync */,
			);
			path = StudyReader;
			sourceTree = "<group>";
		};
		AB9F32E2F9CB6D2A06B88E4A /* Library */ = {
			isa = PBXGroup;
			children = (
				788CFF66524AE247D43C2805 /* DocumentFileName.swift */,
				74D1B873688EA04520D64705 /* LibraryContent.swift */,
				54898C4CB1F3A358A9B4530D /* LibraryDisk.swift */,
				B6DE84D8A63033F49023FD8F /* LibraryEditing.swift */,
				A076D2AD1063AF324AFCEC56 /* LibraryFolderDeletion.swift */,
				AE07220019FA00542F84626D /* LibraryOrganization.swift */,
				64ECFF0F0852784DC77C7355 /* LibraryPackage.swift */,
				EE247434E0FE59CDA20954BE /* LibrarySearchModel.swift */,
				32F113AACDE5BDCD5ABC2B26 /* LibraryStore.swift */,
				6E889C8184160443DC21185E /* ReadingStateWriter.swift */,
			);
			path = Library;
			sourceTree = "<group>";
		};
		CFD7AC363EA49BD8EB000F37 /* Products */ = {
			isa = PBXGroup;
			children = (
				1AA65B20A85D41400F506312 /* StudyReader.app */,
				2D5A51F434371C122EB9BA53 /* StudyReaderTests.xctest */,
			);
			name = Products;
			sourceTree = "<group>";
		};
		EC04F3998D09633716EF3DFE /* tests */ = {
			isa = PBXGroup;
			children = (
				6A6487E320468A1FAB5EDA9B /* Swift */,
			);
			path = tests;
			sourceTree = "<group>";
		};
		F95CABAD2C1E35EFFBF2657A = {
			isa = PBXGroup;
			children = (
				670F5999619D373447D4CB81 /* package.json */,
				A1A0046102294315AFFA1073 /* PLAN.md */,
				5814D27F5EB33859BB315340 /* README.md */,
				155236011299D070DFBBFA64 /* samples */,
				26460F28A8E2872CEB4BF43A /* SYNC.md */,
				92A1BB898C38B64957B1FC4C /* scripts */,
				A92D3CA8B13395207A4904D3 /* StudyReader */,
				EC04F3998D09633716EF3DFE /* tests */,
				9EE13389C25742E812BDC9A7 /* WebReader */,
				CFD7AC363EA49BD8EB000F37 /* Products */,
			);
			sourceTree = "<group>";
		};
/* End PBXGroup section */

/* Begin PBXNativeTarget section */
		0EDA16CA332185899A705E79 /* StudyReaderTests */ = {
			isa = PBXNativeTarget;
			buildConfigurationList = 580CC947E45AD6C8D42BBC4E /* Build configuration list for PBXNativeTarget "StudyReaderTests" */;
			buildPhases = (
				995188E6139406BB1CE70EFD /* Sources */,
			);
			buildRules = (
			);
			dependencies = (
				DBFA988B47BA7164285E7B22 /* PBXTargetDependency */,
			);
			name = StudyReaderTests;
			packageProductDependencies = (
			);
			productName = StudyReaderTests;
			productReference = 2D5A51F434371C122EB9BA53 /* StudyReaderTests.xctest */;
			productType = "com.apple.product-type.bundle.unit-test";
		};
		2C5BEDD8E77E1F824194C45A /* StudyReader */ = {
			isa = PBXNativeTarget;
			buildConfigurationList = 0D15F15A04D2240432DF3F9B /* Build configuration list for PBXNativeTarget "StudyReader" */;
			buildPhases = (
				BC1CC83ECD2CD57E6D9175F5 /* Sources */,
				F31ECC31CD4702F0BA64F019 /* Resources */,
			);
			buildRules = (
			);
			dependencies = (
			);
			name = StudyReader;
			packageProductDependencies = (
			);
			productName = StudyReader;
			productReference = 1AA65B20A85D41400F506312 /* StudyReader.app */;
			productType = "com.apple.product-type.application";
		};
/* End PBXNativeTarget section */

/* Begin PBXProject section */
		30EC91118A8E7AE0CA0AFF85 /* Project object */ = {
			isa = PBXProject;
			attributes = {
				BuildIndependentTargetsInParallel = YES;
				LastUpgradeCheck = 1430;
				TargetAttributes = {
					0EDA16CA332185899A705E79 = {
						ProvisioningStyle = Automatic;
					};
					2C5BEDD8E77E1F824194C45A = {
						ProvisioningStyle = Automatic;
					};
				};
			};
			buildConfigurationList = 8CA3D8F5487BAB09B960B403 /* Build configuration list for PBXProject "StudyReader" */;
			developmentRegion = "zh-Hans";
			hasScannedForEncodings = 0;
			knownRegions = (
				Base,
				"zh-Hans",
			);
			mainGroup = F95CABAD2C1E35EFFBF2657A;
			minimizedProjectReferenceProxies = 1;
			preferredProjectObjectVersion = 77;
			productRefGroup = CFD7AC363EA49BD8EB000F37 /* Products */;
			projectDirPath = "";
			projectRoot = "";
			targets = (
				2C5BEDD8E77E1F824194C45A /* StudyReader */,
				0EDA16CA332185899A705E79 /* StudyReaderTests */,
			);
		};
/* End PBXProject section */

/* Begin PBXResourcesBuildPhase section */
		F31ECC31CD4702F0BA64F019 /* Resources */ = {
			isa = PBXResourcesBuildPhase;
			buildActionMask = 2147483647;
			files = (
				A5307CDA5ADD3A4078A12807 /* Assets.xcassets in Resources */,
				46C3C12CBAC46DF891818D0E /* Reader in Resources */,
				3141D20870507C801C82517C /* samples in Resources */,
			);
			runOnlyForDeploymentPostprocessing = 0;
		};
/* End PBXResourcesBuildPhase section */

/* Begin PBXSourcesBuildPhase section */
		995188E6139406BB1CE70EFD /* Sources */ = {
			isa = PBXSourcesBuildPhase;
			buildActionMask = 2147483647;
			files = (
				22D8551E852D8EA94E1D6DB5 /* FavoriteSyncTests.swift in Sources */,
				104E52B33F74F6F4E93A17F8 /* FileNamingTests.swift in Sources */,
				5046DE388BB8C9E9480D40C6 /* LibraryDeletionTests.swift in Sources */,
				CBB3379B2DF0FC62E16B27BB /* LibraryDiskTests.swift in Sources */,
				D0BC25459E644278CC00A5CA /* LibraryEditingTests.swift in Sources */,
				E64C4C3A1FFB29411DB676C3 /* LibraryFolderDeletionTests.swift in Sources */,
				58F16E70D80940014D9925C6 /* LibraryLoadingTests.swift in Sources */,
				FFF027E707F78E439CD0006D /* LibraryNavigationTests.swift in Sources */,
				7D11DC86CA98DDCD658343D9 /* LibraryOrganizationTests.swift in Sources */,
				B90D7A770AC6ED082F874A5A /* LibraryPackageTests.swift in Sources */,
				A8CD3259DDF5F53CA40663CC /* LibrarySearchTests.swift in Sources */,
				AE4B7CE5EC0EC17D0F3EA5D3 /* LibrarySyncTests.swift in Sources */,
				6B25C7BF37FA64FAEAE06588 /* MacLibraryDragTests.swift in Sources */,
				D4A2109741C78494F9BB791F /* ReadingProgressSyncTests.swift in Sources */,
				CFB476E4BC327DF5D17F6D54 /* ReadingProgressTests.swift in Sources */,
				4B2274B19DAC74879FDC0719 /* ReadingStatePersistenceTests.swift in Sources */,
			);
			runOnlyForDeploymentPostprocessing = 0;
		};
		BC1CC83ECD2CD57E6D9175F5 /* Sources */ = {
			isa = PBXSourcesBuildPhase;
			buildActionMask = 2147483647;
			files = (
				4AC264D75101EEBFD8661E1D /* ArticleEditor.swift in Sources */,
				450AA8776B86804CCB080CC6 /* DocumentDrag.swift in Sources */,
				3A0744FF654E8FD839985C2B /* DocumentFileName.swift in Sources */,
				21E48A8328666B263D8E241A /* FavoriteSync.swift in Sources */,
				EE5EFFABF45AB06864F0941C /* FolderDrag.swift in Sources */,
				2618DE0607AC7ED7AEDE3752 /* LibraryContent.swift in Sources */,
				773E1962A71301BC9A898E38 /* LibraryDisk.swift in Sources */,
				FD0E838CDC1A707EBC7546E6 /* LibraryEditing.swift in Sources */,
				6F33A8DAE2956E945110A1F0 /* LibraryFolderDeletion.swift in Sources */,
				E6C26F1ED1E26DE7CCF5B6F9 /* LibraryNavigation.swift in Sources */,
				4952EAE2D241E10286B7ACCC /* LibraryOrganization.swift in Sources */,
				09AD4A8DEC7FC15A3EA591A8 /* LibraryPackage.swift in Sources */,
				6E812631DC4CC3A44D33A118 /* LibrarySearchModel.swift in Sources */,
				E84AF899151E4628CDBFC35E /* LibraryStore.swift in Sources */,
				298508A675480AD2BB6D782D /* LibrarySyncEngine.swift in Sources */,
				D2466684FB068E39AB8DB03A /* LibraryView.swift in Sources */,
				38DE3A5A6072A64C68D2966F /* MacLibraryList.swift in Sources */,
				104C5340BF2A5F8C74D504DE /* MarkdownSourceEditor.swift in Sources */,
				461FFE008EBC24C3D10DC225 /* ReaderController.swift in Sources */,
				671F2788B6129565720E18E5 /* ReaderView.swift in Sources */,
				E35D3F5A9528E7943F590E6C /* ReadingProgressSync.swift in Sources */,
				41CBE4891F0CCA562186CC27 /* ReadingStateWriter.swift in Sources */,
				168D0222FDB8B36C01E535D0 /* RenameDocumentSheet.swift in Sources */,
				ADE894FF4C028FC1DFB05B76 /* RenameFolderSheet.swift in Sources */,
				71DD11F8E29F6F5896919D1D /* StudyReaderApp.swift in Sources */,
				CDE1D97C9EA04891A4C1DEA4 /* SyncFolderAccess.swift in Sources */,
				BF74B6D252EB64DAD6B5BFDF /* SyncInstaller.swift in Sources */,
				C77DBB639388029D8E3C7DA0 /* SyncModel.swift in Sources */,
				E6560487F9B174AD93094DBD /* SyncSettingsView.swift in Sources */,
			);
			runOnlyForDeploymentPostprocessing = 0;
		};
/* End PBXSourcesBuildPhase section */

/* Begin PBXTargetDependency section */
		DBFA988B47BA7164285E7B22 /* PBXTargetDependency */ = {
			isa = PBXTargetDependency;
			target = 2C5BEDD8E77E1F824194C45A /* StudyReader */;
			targetProxy = 980A6D2F99D918D6F83867D8 /* PBXContainerItemProxy */;
		};
/* End PBXTargetDependency section */

/* Begin XCBuildConfiguration section */
		024139CD9D1493486A18B184 /* Release */ = {
			isa = XCBuildConfiguration;
			buildSettings = {
				ALWAYS_SEARCH_USER_PATHS = NO;
				CLANG_ANALYZER_NONNULL = YES;
				CLANG_ANALYZER_NUMBER_OBJECT_CONVERSION = YES_AGGRESSIVE;
				CLANG_CXX_LANGUAGE_STANDARD = "gnu++14";
				CLANG_CXX_LIBRARY = "libc++";
				CLANG_ENABLE_MODULES = YES;
				CLANG_ENABLE_OBJC_ARC = YES;
				CLANG_ENABLE_OBJC_WEAK = YES;
				CLANG_WARN_BLOCK_CAPTURE_AUTORELEASING = YES;
				CLANG_WARN_BOOL_CONVERSION = YES;
				CLANG_WARN_COMMA = YES;
				CLANG_WARN_CONSTANT_CONVERSION = YES;
				CLANG_WARN_DEPRECATED_OBJC_IMPLEMENTATIONS = YES;
				CLANG_WARN_DIRECT_OBJC_ISA_USAGE = YES_ERROR;
				CLANG_WARN_DOCUMENTATION_COMMENTS = YES;
				CLANG_WARN_EMPTY_BODY = YES;
				CLANG_WARN_ENUM_CONVERSION = YES;
				CLANG_WARN_INFINITE_RECURSION = YES;
				CLANG_WARN_INT_CONVERSION = YES;
				CLANG_WARN_NON_LITERAL_NULL_CONVERSION = YES;
				CLANG_WARN_OBJC_IMPLICIT_RETAIN_SELF = YES;
				CLANG_WARN_OBJC_LITERAL_CONVERSION = YES;
				CLANG_WARN_OBJC_ROOT_CLASS = YES_ERROR;
				CLANG_WARN_QUOTED_INCLUDE_IN_FRAMEWORK_HEADER = YES;
				CLANG_WARN_RANGE_LOOP_ANALYSIS = YES;
				CLANG_WARN_STRICT_PROTOTYPES = YES;
				CLANG_WARN_SUSPICIOUS_MOVE = YES;
				CLANG_WARN_UNGUARDED_AVAILABILITY = YES_AGGRESSIVE;
				CLANG_WARN_UNREACHABLE_CODE = YES;
				CLANG_WARN__DUPLICATE_METHOD_MATCH = YES;
				CODE_SIGN_STYLE = Automatic;
				COPY_PHASE_STRIP = NO;
				CURRENT_PROJECT_VERSION = 3;
				DEBUG_INFORMATION_FORMAT = "dwarf-with-dsym";
				ENABLE_NS_ASSERTIONS = NO;
				ENABLE_STRICT_OBJC_MSGSEND = YES;
				GCC_C_LANGUAGE_STANDARD = gnu11;
				GCC_NO_COMMON_BLOCKS = YES;
				GCC_WARN_64_TO_32_BIT_CONVERSION = YES;
				GCC_WARN_ABOUT_RETURN_TYPE = YES_ERROR;
				GCC_WARN_UNDECLARED_SELECTOR = YES;
				GCC_WARN_UNINITIALIZED_AUTOS = YES_AGGRESSIVE;
				GCC_WARN_UNUSED_FUNCTION = YES;
				GCC_WARN_UNUSED_VARIABLE = YES;
				IPHONEOS_DEPLOYMENT_TARGET = 17.0;
				MACOSX_DEPLOYMENT_TARGET = 14.0;
				MARKETING_VERSION = 0.1.0;
				MTL_ENABLE_DEBUG_INFO = NO;
				MTL_FAST_MATH = YES;
				PRODUCT_NAME = "$(TARGET_NAME)";
				SDKROOT = auto;
				SWIFT_COMPILATION_MODE = wholemodule;
				SWIFT_OPTIMIZATION_LEVEL = "-O";
				SWIFT_VERSION = 5.0;
			};
			name = Release;
		};
		0BE7988CAC3297E631E8E979 /* Release */ = {
			isa = XCBuildConfiguration;
			buildSettings = {
				ASSETCATALOG_COMPILER_APPICON_NAME = AppIcon;
				CODE_SIGN_ENTITLEMENTS = StudyReader/StudyReader.entitlements;
				CODE_SIGN_IDENTITY = "iPhone Developer";
				DEVELOPMENT_TEAM = Z42JP5B5V8;
				ENABLE_APP_SANDBOX = YES;
				ENABLE_HARDENED_RUNTIME = YES;
				ENABLE_OUTGOING_NETWORK_CONNECTIONS = YES;
				ENABLE_USER_SELECTED_FILES = readwrite;
				GENERATE_INFOPLIST_FILE = YES;
				INFOPLIST_FILE = StudyReader/Info.plist;
				INFOPLIST_KEY_CFBundleDisplayName = "学习书架";
				INFOPLIST_KEY_LSApplicationCategoryType = "public.app-category.education";
				INFOPLIST_KEY_UIApplicationSceneManifest_Generation = YES;
				INFOPLIST_KEY_UILaunchScreen_Generation = YES;
				LD_RUNPATH_SEARCH_PATHS = (
					"$(inherited)",
					"@executable_path/Frameworks",
				);
				PRODUCT_BUNDLE_IDENTIFIER = com.personal.studyreader;
				SDKROOT = auto;
				SUPPORTED_PLATFORMS = "iphoneos iphonesimulator macosx";
				SUPPORTS_MACCATALYST = NO;
				SUPPORTS_MAC_DESIGNED_FOR_IPHONE_IPAD = NO;
				SUPPORTS_XR_DESIGNED_FOR_IPHONE_IPAD = YES;
				TARGETED_DEVICE_FAMILY = "1,2";
			};
			name = Release;
		};
		67DC11607DEE07F5EB47EB32 /* Release */ = {
			isa = XCBuildConfiguration;
			buildSettings = {
				BUNDLE_LOADER = "$(TEST_HOST)";
				GENERATE_INFOPLIST_FILE = YES;
				LD_RUNPATH_SEARCH_PATHS = (
					"$(inherited)",
					"@executable_path/Frameworks",
					"@loader_path/Frameworks",
				);
				PRODUCT_BUNDLE_IDENTIFIER = com.personal.studyreader.tests;
				SDKROOT = auto;
				SUPPORTED_PLATFORMS = "iphoneos iphonesimulator macosx";
				SUPPORTS_MACCATALYST = NO;
				SUPPORTS_MAC_DESIGNED_FOR_IPHONE_IPAD = NO;
				SUPPORTS_XR_DESIGNED_FOR_IPHONE_IPAD = YES;
				TARGETED_DEVICE_FAMILY = "1,2";
				TEST_HOST = "$(BUILT_PRODUCTS_DIR)/StudyReader.app/StudyReader";
				"TEST_HOST[sdk=macosx*]" = "$(BUILT_PRODUCTS_DIR)/StudyReader.app/Contents/MacOS/StudyReader";
			};
			name = Release;
		};
		925E4A385453F6E4DC36D532 /* Debug */ = {
			isa = XCBuildConfiguration;
			buildSettings = {
				ASSETCATALOG_COMPILER_APPICON_NAME = AppIcon;
				CODE_SIGN_ENTITLEMENTS = StudyReader/StudyReader.entitlements;
				CODE_SIGN_IDENTITY = "Apple Development";
				"CODE_SIGN_IDENTITY[sdk=iphonesimulator*]" = "-";
				"CODE_SIGN_IDENTITY[sdk=macosx*]" = "-";
				"CODE_SIGN_STYLE[sdk=iphonesimulator*]" = Manual;
				"CODE_SIGN_STYLE[sdk=macosx*]" = Manual;
				CODE_SIGN_STYLE = Automatic;
				DEVELOPMENT_TEAM = Z42JP5B5V8;
				ENABLE_APP_SANDBOX = YES;
				ENABLE_HARDENED_RUNTIME = YES;
				ENABLE_OUTGOING_NETWORK_CONNECTIONS = YES;
				ENABLE_USER_SELECTED_FILES = readwrite;
				GENERATE_INFOPLIST_FILE = YES;
				INFOPLIST_FILE = StudyReader/Info.plist;
				INFOPLIST_KEY_CFBundleDisplayName = "学习书架";
				INFOPLIST_KEY_LSApplicationCategoryType = "public.app-category.education";
				INFOPLIST_KEY_UIApplicationSceneManifest_Generation = YES;
				INFOPLIST_KEY_UILaunchScreen_Generation = YES;
				LD_RUNPATH_SEARCH_PATHS = (
					"$(inherited)",
					"@executable_path/Frameworks",
				);
				PRODUCT_BUNDLE_IDENTIFIER = com.personal.studyreader;
				PROVISIONING_PROFILE_SPECIFIER = "";
				SDKROOT = auto;
				SUPPORTED_PLATFORMS = "iphoneos iphonesimulator macosx";
				SUPPORTS_MACCATALYST = NO;
				SUPPORTS_MAC_DESIGNED_FOR_IPHONE_IPAD = NO;
				SUPPORTS_XR_DESIGNED_FOR_IPHONE_IPAD = YES;
				TARGETED_DEVICE_FAMILY = "1,2";
			};
			name = Debug;
		};
		B0D7CFA415662D55A255CFE6 /* Debug */ = {
			isa = XCBuildConfiguration;
			buildSettings = {
				BUNDLE_LOADER = "$(TEST_HOST)";
				"CODE_SIGN_IDENTITY[sdk=iphonesimulator*]" = "-";
				"CODE_SIGN_IDENTITY[sdk=macosx*]" = "-";
				"CODE_SIGN_STYLE[sdk=iphonesimulator*]" = Manual;
				"CODE_SIGN_STYLE[sdk=macosx*]" = Manual;
				GENERATE_INFOPLIST_FILE = YES;
				LD_RUNPATH_SEARCH_PATHS = (
					"$(inherited)",
					"@executable_path/Frameworks",
					"@loader_path/Frameworks",
				);
				PRODUCT_BUNDLE_IDENTIFIER = com.personal.studyreader.tests;
				SDKROOT = auto;
				SUPPORTED_PLATFORMS = "iphoneos iphonesimulator macosx";
				SUPPORTS_MACCATALYST = NO;
				SUPPORTS_MAC_DESIGNED_FOR_IPHONE_IPAD = NO;
				SUPPORTS_XR_DESIGNED_FOR_IPHONE_IPAD = YES;
				TARGETED_DEVICE_FAMILY = "1,2";
				TEST_HOST = "$(BUILT_PRODUCTS_DIR)/StudyReader.app/StudyReader";
				"TEST_HOST[sdk=macosx*]" = "$(BUILT_PRODUCTS_DIR)/StudyReader.app/Contents/MacOS/StudyReader";
			};
			name = Debug;
		};
		F7C84F5AFA35812B9AAAADFE /* Debug */ = {
			isa = XCBuildConfiguration;
			buildSettings = {
				ALWAYS_SEARCH_USER_PATHS = NO;
				CLANG_ANALYZER_NONNULL = YES;
				CLANG_ANALYZER_NUMBER_OBJECT_CONVERSION = YES_AGGRESSIVE;
				CLANG_CXX_LANGUAGE_STANDARD = "gnu++14";
				CLANG_CXX_LIBRARY = "libc++";
				CLANG_ENABLE_MODULES = YES;
				CLANG_ENABLE_OBJC_ARC = YES;
				CLANG_ENABLE_OBJC_WEAK = YES;
				CLANG_WARN_BLOCK_CAPTURE_AUTORELEASING = YES;
				CLANG_WARN_BOOL_CONVERSION = YES;
				CLANG_WARN_COMMA = YES;
				CLANG_WARN_CONSTANT_CONVERSION = YES;
				CLANG_WARN_DEPRECATED_OBJC_IMPLEMENTATIONS = YES;
				CLANG_WARN_DIRECT_OBJC_ISA_USAGE = YES_ERROR;
				CLANG_WARN_DOCUMENTATION_COMMENTS = YES;
				CLANG_WARN_EMPTY_BODY = YES;
				CLANG_WARN_ENUM_CONVERSION = YES;
				CLANG_WARN_INFINITE_RECURSION = YES;
				CLANG_WARN_INT_CONVERSION = YES;
				CLANG_WARN_NON_LITERAL_NULL_CONVERSION = YES;
				CLANG_WARN_OBJC_IMPLICIT_RETAIN_SELF = YES;
				CLANG_WARN_OBJC_LITERAL_CONVERSION = YES;
				CLANG_WARN_OBJC_ROOT_CLASS = YES_ERROR;
				CLANG_WARN_QUOTED_INCLUDE_IN_FRAMEWORK_HEADER = YES;
				CLANG_WARN_RANGE_LOOP_ANALYSIS = YES;
				CLANG_WARN_STRICT_PROTOTYPES = YES;
				CLANG_WARN_SUSPICIOUS_MOVE = YES;
				CLANG_WARN_UNGUARDED_AVAILABILITY = YES_AGGRESSIVE;
				CLANG_WARN_UNREACHABLE_CODE = YES;
				CLANG_WARN__DUPLICATE_METHOD_MATCH = YES;
				CODE_SIGN_STYLE = Automatic;
				COPY_PHASE_STRIP = NO;
				CURRENT_PROJECT_VERSION = 3;
				DEBUG_INFORMATION_FORMAT = dwarf;
				ENABLE_STRICT_OBJC_MSGSEND = YES;
				ENABLE_TESTABILITY = YES;
				GCC_C_LANGUAGE_STANDARD = gnu11;
				GCC_DYNAMIC_NO_PIC = NO;
				GCC_NO_COMMON_BLOCKS = YES;
				GCC_OPTIMIZATION_LEVEL = 0;
				GCC_PREPROCESSOR_DEFINITIONS = (
					"$(inherited)",
					"DEBUG=1",
				);
				GCC_WARN_64_TO_32_BIT_CONVERSION = YES;
				GCC_WARN_ABOUT_RETURN_TYPE = YES_ERROR;
				GCC_WARN_UNDECLARED_SELECTOR = YES;
				GCC_WARN_UNINITIALIZED_AUTOS = YES_AGGRESSIVE;
				GCC_WARN_UNUSED_FUNCTION = YES;
				GCC_WARN_UNUSED_VARIABLE = YES;
				IPHONEOS_DEPLOYMENT_TARGET = 17.0;
				MACOSX_DEPLOYMENT_TARGET = 14.0;
				MARKETING_VERSION = 0.1.0;
				MTL_ENABLE_DEBUG_INFO = INCLUDE_SOURCE;
				MTL_FAST_MATH = YES;
				ONLY_ACTIVE_ARCH = YES;
				PRODUCT_NAME = "$(TARGET_NAME)";
				SDKROOT = auto;
				SWIFT_ACTIVE_COMPILATION_CONDITIONS = DEBUG;
				SWIFT_OPTIMIZATION_LEVEL = "-Onone";
				SWIFT_VERSION = 5.0;
			};
			name = Debug;
		};
/* End XCBuildConfiguration section */

/* Begin XCConfigurationList section */
		0D15F15A04D2240432DF3F9B /* Build configuration list for PBXNativeTarget "StudyReader" */ = {
			isa = XCConfigurationList;
			buildConfigurations = (
				925E4A385453F6E4DC36D532 /* Debug */,
				0BE7988CAC3297E631E8E979 /* Release */,
			);
			defaultConfigurationIsVisible = 0;
			defaultConfigurationName = Debug;
		};
		580CC947E45AD6C8D42BBC4E /* Build configuration list for PBXNativeTarget "StudyReaderTests" */ = {
			isa = XCConfigurationList;
			buildConfigurations = (
				B0D7CFA415662D55A255CFE6 /* Debug */,
				67DC11607DEE07F5EB47EB32 /* Release */,
			);
			defaultConfigurationIsVisible = 0;
			defaultConfigurationName = Debug;
		};
		8CA3D8F5487BAB09B960B403 /* Build configuration list for PBXProject "StudyReader" */ = {
			isa = XCConfigurationList;
			buildConfigurations = (
				F7C84F5AFA35812B9AAAADFE /* Debug */,
				024139CD9D1493486A18B184 /* Release */,
			);
			defaultConfigurationIsVisible = 0;
			defaultConfigurationName = Debug;
		};
/* End XCConfigurationList section */
	};
	rootObject = 30EC91118A8E7AE0CA0AFF85 /* Project object */;
}
